
Microsoft Visual Studio Solution File, Format Version 12.00
# Visual Studio Version 16
VisualStudioVersion = 16.0.31313.79
MinimumVisualStudioVersion = 10.0.40219.1
Project("{9A19103F-16F7-4668-BE54-9A1E7A4F7556}") = "Library.App", "LibraryConsoleApp\Library.App.csproj", "{8D50A59A-ADC7-44F8-8FF4-B6F076B05DA3}"
EndProject
Global
	GlobalSection(SolutionConfigurationPlatforms) = preSolution
		Debug|Any CPU = Debug|Any CPU
		Release|Any CPU = Release|Any CPU
	EndGlobalSection
	GlobalSection(ProjectConfigurationPlatforms) = postSolution
		{8D50A59A-ADC7-44F8-8FF4-B6F076B05DA3}.Debug|Any CPU.ActiveCfg = Debug|Any CPU
		{8D50A59A-ADC7-44F8-8FF4-B6F076B05DA3}.Debug|Any CPU.Build.0 = Debug|Any CPU
		{8D50A59A-ADC7-44F8-8FF4-B6F076B05DA3}.Release|Any CPU.ActiveCfg = Release|Any CPU
		{8D50A59A-ADC7-44F8-8FF4-B6F076B05DA3}.Release|Any CPU.Build.0 = Release|Any CPU
	EndGlobalSection
	GlobalSection(SolutionProperties) = preSolution
		HideSolutionNode = FALSE
	EndGlobalSection
	GlobalSection(ExtensibilityGlobals) = postSolution
		SolutionGuid = {20971588-325C-48E4-BC65-C025225FF174}
	EndGlobalSection
EndGlobal
